// !$*UTF8*$!
{
	archiveVersion = 1;
	classes = {
	};
	objectVersion = 50;
	objects = {

/* Begin PBXBuildFile section */
		503DE3A8258E0BB4008CCB69 /* AppDelegate.swift in Sources */ = {isa = PBXBuildFile; fileRef = 503DE3A7258E0BB4008CCB69 /* AppDelegate.swift */; };
		503DE3AA258E0BB4008CCB69 /* SceneDelegate.swift in Sources */ = {isa = PBXBuildFile; fileRef = 503DE3A9258E0BB4008CCB69 /* SceneDelegate.swift */; };
		503DE3AC258E0BB4008CCB69 /* ViewController.swift in Sources */ = {isa = PBXBuildFile; fileRef = 503DE3AB258E0BB4008CCB69 /* ViewController.swift */; };
		503DE3AF258E0BB4008CCB69 /* Main.storyboard in Resources */ = {isa = PBXBuildFile; fileRef = 503DE3AD258E0BB4008CCB69 /* Main.storyboard */; };
		503DE3B2258E0BB4008CCB69 /* SoundStock.xcdatamodeld in Sources */ = {isa = PBXBuildFile; fileRef = 503DE3B0258E0BB4008CCB69 /* SoundStock.xcdatamodeld */; };
		503DE3B4258E0BB7008CCB69 /* Assets.xcassets in Resources */ = {isa = PBXBuildFile; fileRef = 503DE3B3258E0BB7008CCB69 /* Assets.xcassets */; };
		503DE3B7258E0BB7008CCB69 /* LaunchScreen.storyboard in Resources */ = {isa = PBXBuildFile; fileRef = 503DE3B5258E0BB7008CCB69 /* LaunchScreen.storyboard */; };
		503DE3C2258E0BB7008CCB69 /* SoundStockTests.swift in Sources */ = {isa = PBXBuildFile; fileRef = 503DE3C1258E0BB7008CCB69 /* SoundStockTests.swift */; };
		503DE3CD258E0BB7008CCB69 /* SoundStockUITests.swift in Sources */ = {isa = PBXBuildFile; fileRef = 503DE3CC258E0BB7008CCB69 /* SoundStockUITests.swift */; };
/* End PBXBuildFile section */

/* Begin PBXContainerItemProxy section */
		503DE3BE258E0BB7008CCB69 /* PBXContainerItemProxy */ = {
			isa = PBXContainerItemProxy;
			containerPortal = 503DE39C258E0BB4008CCB69 /* Project object */;
			proxyType = 1;
			remoteGlobalIDString = 503DE3A3258E0BB4008CCB69;
			remoteInfo = SoundStock;
		};
		503DE3C9258E0BB7008CCB69 /* PBXContainerItemProxy */ = {
			isa = PBXContainerItemProxy;
			containerPortal = 503DE39C258E0BB4008CCB69 /* Project object */;
			proxyType = 1;
			remoteGlobalIDString = 503DE3A3258E0BB4008CCB69;
			remoteInfo = SoundStock;
		};
/* End PBXContainerItemProxy section */

/* Begin PBXFileReference section */
		503DE3A4258E0BB4008CCB69 /* SoundStock.app */ = {isa = PBXFileReference; explicitFileType = wrapper.application; includeInIndex = 0; path = SoundStock.app; sourceTree = BUILT_PRODUCTS_DIR; };
		503DE3A7258E0BB4008CCB69 /* AppDelegate.swift */ = {isa = PBXFileReference; lastKnownFileType = sourcecode.swift; path = AppDelegate.swift; sourceTree = "<group>"; };
		503DE3A9258E0BB4008CCB69 /* SceneDelegate.swift */ = {isa = PBXFileReference; lastKnownFileType = sourcecode.swift; path = SceneDelegate.swift; sourceTree = "<group>"; };
		503DE3AB258E0BB4008CCB69 /* ViewController.swift */ = {isa = PBXFileReference; lastKnownFileType = sourcecode.swift; path = ViewController.swift; sourceTree = "<group>"; };
		503DE3AE258E0BB4008CCB69 /* Base */ = {isa = PBXFileReference; lastKnownFileType = file.storyboard; name = Base; path = Base.lproj/Main.storyboard; sourceTree = "<group>"; };
		503DE3B1258E0BB4008CCB69 /* SoundStock.xcdatamodel */ = {isa = PBXFileReference; lastKnownFileType = wrapper.xcdatamodel; path = SoundStock.xcdatamodel; sourceTree = "<group>"; };
		503DE3B3258E0BB7008CCB69 /* Assets.xcassets */ = {isa = PBXFileReference; lastKnownFileType = folder.assetcatalog; path = Assets.xcassets; sourceTree = "<group>"; };
		503DE3B6258E0BB7008CCB69 /* Base */ = {isa = PBXFileReference; lastKnownFileType = file.storyboard; name = Base; path = Base.lproj/LaunchScreen.storyboard; sourceTree = "<group>"; };
		503DE3B8258E0BB7008CCB69 /* Info.plist */ = {isa = PBXFileReference; lastKnownFileType = text.plist.xml; path = Info.plist; sourceTree = "<group>"; };
		503DE3BD258E0BB7008CCB69 /* SoundStockTests.xctest */ = {isa = PBXFileReference; explicitFileType = wrapper.cfbundle; includeInIndex = 0; path = SoundStockTests.xctest; sourceTree = BUILT_PRODUCTS_DIR; };
		503DE3C1258E0BB7008CCB69 /* SoundStockTests.swift */ = {isa = PBXFileReference; lastKnownFileType = sourcecode.swift; path = SoundStockTests.swift; sourceTree = "<group>"; };
		503DE3C3258E0BB7008CCB69 /* Info.plist */ = {isa = PBXFileReference; lastKnownFileType = text.plist.xml; path = Info.plist; sourceTree = "<group>"; };
		503DE3C8258E0BB7008CCB69 /* SoundStockUITests.xctest */ = {isa = PBXFileReference; explicitFileType = wrapper.cfbundle; includeInIndex = 0; path = SoundStockUITests.xctest; sourceTree = BUILT_PRODUCTS_DIR; };
		503DE3CC258E0BB7008CCB69 /* SoundStockUITests.swift */ = {isa = PBXFileReference; lastKnownFileType = sourcecode.swift; path = SoundStockUITests.swift; sourceTree = "<group>"; };
		503DE3CE258E0BB7008CCB69 /* Info.plist */ = {isa = PBXFileReference; lastKnownFileType = text.plist.xml; path = Info.plist; sourceTree = "<group>"; };
/* End PBXFileReference section */

/* Begin PBXFrameworksBuildPhase section */
		503DE3A1258E0BB4008CCB69 /* Frameworks */ = {
			isa = PBXFrameworksBuildPhase;
			buildActionMask = 2147483647;
			files = (
			);
			runOnlyForDeploymentPostprocessing = 0;
		};
		503DE3BA258E0BB7008CCB69 /* Frameworks */ = {
			isa = PBXFrameworksBuildPhase;
			buildActionMask = 2147483647;
			files = (
			);
			runOnlyForDeploymentPostprocessing = 0;
		};
		503DE3C5258E0BB7008CCB69 /* Frameworks */ = {
			isa = PBXFrameworksBuildPhase;
			buildActionMask = 2147483647;
			files = (
			);
			runOnlyForDeploymentPostprocessing = 0;
		};
/* End PBXFrameworksBuildPhase section */

/* Begin PBXGroup section */
		503DE39B258E0BB4008CCB69 = {
			isa = PBXGroup;
			children = (
				503DE3A6258E0BB4008CCB69 /* SoundStock */,
				503DE3C0258E0BB7008CCB69 /* SoundStockTests */,
				503DE3CB258E0BB7008CCB69 /* SoundStockUITests */,
				503DE3A5258E0BB4008CCB69 /* Products */,
			);
			sourceTree = "<group>";
		};
		503DE3A5258E0BB4008CCB69 /* Products */ = {
			isa = PBXGroup;
			children = (
				503DE3A4258E0BB4008CCB69 /* SoundStock.app */,
				503DE3BD258E0BB7008CCB69 /* SoundStockTests.xctest */,
				503DE3C8258E0BB7008CCB69 /* SoundStockUITests.xctest */,
			);
			name = Products;
			sourceTree = "<group>";
		};
		503DE3A6258E0BB4008CCB69 /* SoundStock */ = {
			isa = PBXGroup;
			children = (
				503DE3A7258E0BB4008CCB69 /* AppDelegate.swift */,
				503DE3A9258E0BB4008CCB69 /* SceneDelegate.swift */,
				503DE3AB258E0BB4008CCB69 /* ViewController.swift */,
				503DE3AD258E0BB4008CCB69 /* Main.storyboard */,
				503DE3B3258E0BB7008CCB69 /* Assets.xcassets */,
				503DE3B5258E0BB7008CCB69 /* LaunchScreen.storyboard */,
				503DE3B8258E0BB7008CCB69 /* Info.plist */,
				503DE3B0258E0BB4008CCB69 /* SoundStock.xcdatamodeld */,
			);
			path = SoundStock;
			sourceTree = "<group>";
		};
		503DE3C0258E0BB7008CCB69 /* SoundStockTests */ = {
			isa = PBXGroup;
			children = (
				503DE3C1258E0BB7008CCB69 /* SoundStockTests.swift */,
				503DE3C3258E0BB7008CCB69 /* Info.plist */,
			);
			path = SoundStockTests;
			sourceTree = "<group>";
		};
		503DE3CB258E0BB7008CCB69 /* SoundStockUITests */ = {
			isa = PBXGroup;
			children = (
				503DE3CC258E0BB7008CCB69 /* SoundStockUITests.swift */,
				503DE3CE258E0BB7008CCB69 /* Info.plist */,
			);
			path = SoundStockUITests;
			sourceTree = "<group>";
		};
/* End PBXGroup section */

/* Begin PBXNativeTarget section */
		503DE3A3258E0BB4008CCB69 /* SoundStock */ = {
			isa = PBXNativeTarget;
			buildConfigurationList = 503DE3D1258E0BB7008CCB69 /* Build configuration list for PBXNativeTarget "SoundStock" */;
			buildPhases = (
				503DE3A0258E0BB4008CCB69 /* Sources */,
				503DE3A1258E0BB4008CCB69 /* Frameworks */,
				503DE3A2258E0BB4008CCB69 /* Resources */,
			);
			buildRules = (
			);
			dependencies = (
			);
			name = SoundStock;
			productName = SoundStock;
			productReference = 503DE3A4258E0BB4008CCB69 /* SoundStock.app */;
			productType = "com.apple.product-type.application";
		};
		503DE3BC258E0BB7008CCB69 /* SoundStockTests */ = {
			isa = PBXNativeTarget;
			buildConfigurationList = 503DE3D4258E0BB7008CCB69 /* Build configuration list for PBXNativeTarget "SoundStockTests" */;
			buildPhases = (
				503DE3B9258E0BB7008CCB69 /* Sources */,
				503DE3BA258E0BB7008CCB69 /* Frameworks */,
				503DE3BB258E0BB7008CCB69 /* Resources */,
			);
			buildRules = (
			);
			dependencies = (
				503DE3BF258E0BB7008CCB69 /* PBXTargetDependency */,
			);
			name = SoundStockTests;
			productName = SoundStockTests;
			productReference = 503DE3BD258E0BB7008CCB69 /* SoundStockTests.xctest */;
			productType = "com.apple.product-type.bundle.unit-test";
		};
		503DE3C7258E0BB7008CCB69 /* SoundStockUITests */ = {
			isa = PBXNativeTarget;
			buildConfigurationList = 503DE3D7258E0BB7008CCB69 /* Build configuration list for PBXNativeTarget "SoundStockUITests" */;
			buildPhases = (
				503DE3C4258E0BB7008CCB69 /* Sources */,
				503DE3C5258E0BB7008CCB69 /* Frameworks */,
				503DE3C6258E0BB7008CCB69 /* Resources */,
			);
			buildRules = (
			);
			dependencies = (
				503DE3CA258E0BB7008CCB69 /* PBXTargetDependency */,
			);
			name = SoundStockUITests;
			productName = SoundStockUITests;
			productReference = 503DE3C8258E0BB7008CCB69 /* SoundStockUITests.xctest */;
			productType = "com.apple.product-type.bundle.ui-testing";
		};
/* End PBXNativeTarget section */

/* Begin PBXProject section */
		503DE39C258E0BB4008CCB69 /* Project object */ = {
			isa = PBXProject;
			attributes = {
				LastSwiftUpdateCheck = 1230;
				LastUpgradeCheck = 1230;
				TargetAttributes = {
					503DE3A3258E0BB4008CCB69 = {
						CreatedOnToolsVersion = 12.3;
					};
					503DE3BC258E0BB7008CCB69 = {
						CreatedOnToolsVersion = 12.3;
						TestTargetID = 503DE3A3258E0BB4008CCB69;
					};
					503DE3C7258E0BB7008CCB69 = {
						CreatedOnToolsVersion = 12.3;
						TestTargetID = 503DE3A3258E0BB4008CCB69;
					};
				};
			};
			buildConfigurationList = 503DE39F258E0BB4008CCB69 /* Build configuration list for PBXProject "SoundStock" */;
			compatibilityVersion = "Xcode 9.3";
			developmentRegion = en;
			hasScannedForEncodings = 0;
			knownRegions = (
				en,
				Base,
			);
			mainGroup = 503DE39B258E0BB4008CCB69;
			productRefGroup = 503DE3A5258E0BB4008CCB69 /* Products */;
			projectDirPath = "";
			projectRoot = "";
			targets = (
				503DE3A3258E0BB4008CCB69 /* SoundStock */,
				503DE3BC258E0BB7008CCB69 /* SoundStockTests */,
				503DE3C7258E0BB7008CCB69 /* SoundStockUITests */,
			);
		};
/* End PBXProject section */

/* Begin PBXResourcesBuildPhase section */
		503DE3A2258E0BB4008CCB69 /* Resources */ = {
			isa = PBXResourcesBuildPhase;
			buildActionMask = 2147483647;
			files = (
				503DE3B7258E0BB7008CCB69 /* LaunchScreen.storyboard in Resources */,
				503DE3B4258E0BB7008CCB69 /* Assets.xcassets in Resources */,
				503DE3AF258E0BB4008CCB69 /* Main.storyboard in Resources */,
			);
			runOnlyForDeploymentPostprocessing = 0;
		};
		503DE3BB258E0BB7008CCB69 /* Resources */ = {
			isa = PBXResourcesBuildPhase;
			buildActionMask = 2147483647;
			files = (
			);
			runOnlyForDeploymentPostprocessing = 0;
		};
		503DE3C6258E0BB7008CCB69 /* Resources */ = {
			isa = PBXResourcesBuildPhase;
			buildActionMask = 2147483647;
			files = (
			);
			runOnlyForDeploymentPostprocessing = 0;
		};
/* End PBXResourcesBuildPhase section */

/* Begin PBXSourcesBuildPhase section */
		503DE3A0258E0BB4008CCB69 /* Sources */ = {
			isa = PBXSourcesBuildPhase;
			buildActionMask = 2147483647;
			files = (
				503DE3B2258E0BB4008CCB69 /* SoundStock.xcdatamodeld in Sources */,
				503DE3AC258E0BB4008CCB69 /* ViewController.swift in Sources */,
				503DE3A8258E0BB4008CCB69 /* AppDelegate.swift in Sources */,
				503DE3AA258E0BB4008CCB69 /* SceneDelegate.swift in Sources */,
			);
			runOnlyForDeploymentPostprocessing = 0;
		};
		503DE3B9258E0BB7008CCB69 /* Sources */ = {
			isa = PBXSourcesBuildPhase;
			buildActionMask = 2147483647;
			files = (
				503DE3C2258E0BB7008CCB69 /* SoundStockTests.swift in Sources */,
			);
			runOnlyForDeploymentPostprocessing = 0;
		};
		503DE3C4258E0BB7008CCB69 /* Sources */ = {
			isa = PBXSourcesBuildPhase;
			buildActionMask = 2147483647;
			files = (
				503DE3CD258E0BB7008CCB69 /* SoundStockUITests.swift in Sources */,
			);
			runOnlyForDeploymentPostprocessing = 0;
		};
/* End PBXSourcesBuildPhase section */

/* Begin PBXTargetDependency section */
		503DE3BF258E0BB7008CCB69 /* PBXTargetDependency */ = {
			isa = PBXTargetDependency;
			target = 503DE3A3258E0BB4008CCB69 /* SoundStock */;
			targetProxy = 503DE3BE258E0BB7008CCB69 /* PBXContainerItemProxy */;
		};
		503DE3CA258E0BB7008CCB69 /* PBXTargetDependency */ = {
			isa = PBXTargetDependency;
			target = 503DE3A3258E0BB4008CCB69 /* SoundStock */;
			targetProxy = 503DE3C9258E0BB7008CCB69 /* PBXContainerItemProxy */;
		};
/* End PBXTargetDependency section */

/* Begin PBXVariantGroup section */
		503DE3AD258E0BB4008CCB69 /* Main.storyboard */ = {
			isa = PBXVariantGroup;
			children = (
				503DE3AE258E0BB4008CCB69 /* Base */,
			);
			name = Main.storyboard;
			sourceTree = "<group>";
		};
		503DE3B5258E0BB7008CCB69 /* LaunchScreen.storyboard */ = {
			isa = PBXVariantGroup;
			children = (
				503DE3B6258E0BB7008CCB69 /* Base */,
			);
			name = LaunchScreen.storyboard;
			sourceTree = "<group>";
		};
/* End PBXVariantGroup section */

/* Begin XCBuildConfiguration section */
		503DE3CF258E0BB7008CCB69 /* Debug */ = {
			isa = XCBuildConfiguration;
			buildSettings = {
				ALWAYS_SEARCH_USER_PATHS = NO;
				CLANG_ANALYZER_NONNULL = YES;
				CLANG_ANALYZER_NUMBER_OBJECT_CONVERSION = YES_AGGRESSIVE;
				CLANG_CXX_LANGUAGE_STANDARD = "gnu++14";
				CLANG_CXX_LIBRARY = "libc++";
				CLANG_ENABLE_MODULES = YES;
				CLANG_ENABLE_OBJC_ARC = YES;
				CLANG_ENABLE_OBJC_WEAK = YES;
				CLANG_WARN_BLOCK_CAPTURE_AUTORELEASING = YES;
				CLANG_WARN_BOOL_CONVERSION = YES;
				CLANG_WARN_COMMA = YES;
				CLANG_WARN_CONSTANT_CONVERSION = YES;
				CLANG_WARN_DEPRECATED_OBJC_IMPLEMENTATIONS = YES;
				CLANG_WARN_DIRECT_OBJC_ISA_USAGE = YES_ERROR;
				CLANG_WARN_DOCUMENTATION_COMMENTS = YES;
				CLANG_WARN_EMPTY_BODY = YES;
				CLANG_WARN_ENUM_CONVERSION = YES;
				CLANG_WARN_INFINITE_RECURSION = YES;
				CLANG_WARN_INT_CONVERSION = YES;
				CLANG_WARN_NON_LITERAL_NULL_CONVERSION = YES;
				CLANG_WARN_OBJC_IMPLICIT_RETAIN_SELF = YES;
				CLANG_WARN_OBJC_LITERAL_CONVERSION = YES;
				CLANG_WARN_OBJC_ROOT_CLASS = YES_ERROR;
				CLANG_WARN_QUOTED_INCLUDE_IN_FRAMEWORK_HEADER = YES;
				CLANG_WARN_RANGE_LOOP_ANALYSIS = YES;
				CLANG_WARN_STRICT_PROTOTYPES = YES;
				CLANG_WARN_SUSPICIOUS_MOVE = YES;
				CLANG_WARN_UNGUARDED_AVAILABILITY = YES_AGGRESSIVE;
				CLANG_WARN_UNREACHABLE_CODE = YES;
				CLANG_WARN__DUPLICATE_METHOD_MATCH = YES;
				COPY_PHASE_STRIP = NO;
				DEBUG_INFORMATION_FORMAT = dwarf;
				ENABLE_STRICT_OBJC_MSGSEND = YES;
				ENABLE_TESTABILITY = YES;
				GCC_C_LANGUAGE_STANDARD = gnu11;
				GCC_DYNAMIC_NO_PIC = NO;
				GCC_NO_COMMON_BLOCKS = YES;
				GCC_OPTIMIZATION_LEVEL = 0;
				GCC_PREPROCESSOR_DEFINITIONS = (
					"DEBUG=1",
					"$(inherited)",
				);
				GCC_WARN_64_TO_32_BIT_CONVERSION = YES;
				GCC_WARN_ABOUT_RETURN_TYPE = YES_ERROR;
				GCC_WARN_UNDECLARED_SELECTOR = YES;
				GCC_WARN_UNINITIALIZED_AUTOS = YES_AGGRESSIVE;
				GCC_WARN_UNUSED_FUNCTION = YES;
				GCC_WARN_UNUSED_VARIABLE = YES;
				IPHONEOS_DEPLOYMENT_TARGET = 14.3;
				MTL_ENABLE_DEBUG_INFO = INCLUDE_SOURCE;
				MTL_FAST_MATH = YES;
				ONLY_ACTIVE_ARCH = YES;
				SDKROOT = iphoneos;
				SWIFT_ACTIVE_COMPILATION_CONDITIONS = DEBUG;
				SWIFT_OPTIMIZATION_LEVEL = "-Onone";
			};
			name = Debug;
		};
		503DE3D0258E0BB7008CCB69 /* Release */ = {
			isa = XCBuildConfiguration;
			buildSettings = {
				ALWAYS_SEARCH_USER_PATHS = NO;
				CLANG_ANALYZER_NONNULL = YES;
				CLANG_ANALYZER_NUMBER_OBJECT_CONVERSION = YES_AGGRESSIVE;
				CLANG_CXX_LANGUAGE_STANDARD = "gnu++14";
				CLANG_CXX_LIBRARY = "libc++";
				CLANG_ENABLE_MODULES = YES;
				CLANG_ENABLE_OBJC_ARC = YES;
				CLANG_ENABLE_OBJC_WEAK = YES;
				CLANG_WARN_BLOCK_CAPTURE_AUTORELEASING = YES;
				CLANG_WARN_BOOL_CONVERSION = YES;
				CLANG_WARN_COMMA = YES;
				CLANG_WARN_CONSTANT_CONVERSION = YES;
				CLANG_WARN_DEPRECATED_OBJC_IMPLEMENTATIONS = YES;
				CLANG_WARN_DIRECT_OBJC_ISA_USAGE = YES_ERROR;
				CLANG_WARN_DOCUMENTATION_COMMENTS = YES;
				CLANG_WARN_EMPTY_BODY = YES;
				CLANG_WARN_ENUM_CONVERSION = YES;
				CLANG_WARN_INFINITE_RECURSION = YES;
				CLANG_WARN_INT_CONVERSION = YES;
				CLANG_WARN_NON_LITERAL_NULL_CONVERSION = YES;
				CLANG_WARN_OBJC_IMPLICIT_RETAIN_SELF = YES;
				CLANG_WARN_OBJC_LITERAL_CONVERSION = YES;
				CLANG_WARN_OBJC_ROOT_CLASS = YES_ERROR;
				CLANG_WARN_QUOTED_INCLUDE_IN_FRAMEWORK_HEADER = YES;
				CLANG_WARN_RANGE_LOOP_ANALYSIS = YES;
				CLANG_WARN_STRICT_PROTOTYPES = YES;
				CLANG_WARN_SUSPICIOUS_MOVE = YES;
				CLANG_WARN_UNGUARDED_AVAILABILITY = YES_AGGRESSIVE;
				CLANG_WARN_UNREACHABLE_CODE = YES;
				CLANG_WARN__DUPLICATE_METHOD_MATCH = YES;
				COPY_PHASE_STRIP = NO;
				DEBUG_INFORMATION_FORMAT = "dwarf-with-dsym";
				ENABLE_NS_ASSERTIONS = NO;
				ENABLE_STRICT_OBJC_MSGSEND = YES;
				GCC_C_LANGUAGE_STANDARD = gnu11;
				GCC_NO_COMMON_BLOCKS = YES;
				GCC_WARN_64_TO_32_BIT_CONVERSION = YES;
				GCC_WARN_ABOUT_RETURN_TYPE = YES_ERROR;
				GCC_WARN_UNDECLARED_SELECTOR = YES;
				GCC_WARN_UNINITIALIZED_AUTOS = YES_AGGRESSIVE;
				GCC_WARN_UNUSED_FUNCTION = YES;
				GCC_WARN_UNUSED_VARIABLE = YES;
				IPHONEOS_DEPLOYMENT_TARGET = 14.3;
				MTL_ENABLE_DEBUG_INFO = NO;
				MTL_FAST_MATH = YES;
				SDKROOT = iphoneos;
				SWIFT_COMPILATION_MODE = wholemodule;
				SWIFT_OPTIMIZATION_LEVEL = "-O";
				VALIDATE_PRODUCT = YES;
			};
			name = Release;
		};
		503DE3D2258E0BB7008CCB69 /* Debug */ = {
			isa = XCBuildConfiguration;
			buildSettings = {
				ASSETCATALOG_COMPILER_APPICON_NAME = AppIcon;
				ASSETCATALOG_COMPILER_GLOBAL_ACCENT_COLOR_NAME = AccentColor;
				CODE_SIGN_STYLE = Automatic;
				DEVELOPMENT_TEAM = 44MY2XKMTZ;
				INFOPLIST_FILE = SoundStock/Info.plist;
				LD_RUNPATH_SEARCH_PATHS = (
					"$(inherited)",
					"@executable_path/Frameworks",
				);
				PRODUCT_BUNDLE_IDENTIFIER = "lot-uni.SoundStock";
				PRODUCT_NAME = "$(TARGET_NAME)";
				SWIFT_VERSION = 5.0;
				TARGETED_DEVICE_FAMILY = "1,2";
			};
			name = Debug;
		};
		503DE3D3258E0BB7008CCB69 /* Release */ = {
			isa = XCBuildConfiguration;
			buildSettings = {
				ASSETCATALOG_COMPILER_APPICON_NAME = AppIcon;
				ASSETCATALOG_COMPILER_GLOBAL_ACCENT_COLOR_NAME = AccentColor;
				CODE_SIGN_STYLE = Automatic;
				DEVELOPMENT_TEAM = 44MY2XKMTZ;
				INFOPLIST_FILE = SoundStock/Info.plist;
				LD_RUNPATH_SEARCH_PATHS = (
					"$(inherited)",
					"@executable_path/Frameworks",
				);
				PRODUCT_BUNDLE_IDENTIFIER = "lot-uni.SoundStock";
				PRODUCT_NAME = "$(TARGET_NAME)";
				SWIFT_VERSION = 5.0;
				TARGETED_DEVICE_FAMILY = "1,2";
			};
			name = Release;
		};
		503DE3D5258E0BB7008CCB69 /* Debug */ = {
			isa = XCBuildConfiguration;
			buildSettings = {
				ALWAYS_EMBED_SWIFT_STANDARD_LIBRARIES = YES;
				BUNDLE_LOADER = "$(TEST_HOST)";
				CODE_SIGN_STYLE = Automatic;
				DEVELOPMENT_TEAM = 44MY2XKMTZ;
				INFOPLIST_FILE = SoundStockTests/Info.plist;
				IPHONEOS_DEPLOYMENT_TARGET = 14.3;
				LD_RUNPATH_SEARCH_PATHS = (
					"$(inherited)",
					"@executable_path/Frameworks",
					"@loader_path/Frameworks",
				);
				PRODUCT_BUNDLE_IDENTIFIER = "lot-uni.SoundStockTests";
				PRODUCT_NAME = "$(TARGET_NAME)";
				SWIFT_VERSION = 5.0;
				TARGETED_DEVICE_FAMILY = "1,2";
				TEST_HOST = "$(BUILT_PRODUCTS_DIR)/SoundStock.app/SoundStock";
			};
			name = Debug;
		};
		503DE3D6258E0BB7008CCB69 /* Release */ = {
			isa = XCBuildConfiguration;
			buildSettings = {
				ALWAYS_EMBED_SWIFT_STANDARD_LIBRARIES = YES;
				BUNDLE_LOADER = "$(TEST_HOST)";
				CODE_SIGN_STYLE = Automatic;
				DEVELOPMENT_TEAM = 44MY2XKMTZ;
				INFOPLIST_FILE = SoundStockTests/Info.plist;
				IPHONEOS_DEPLOYMENT_TARGET = 14.3;
				LD_RUNPATH_SEARCH_PATHS = (
					"$(inherited)",
					"@executable_path/Frameworks",
					"@loader_path/Frameworks",
				);
				PRODUCT_BUNDLE_IDENTIFIER = "lot-uni.SoundStockTests";
				PRODUCT_NAME = "$(TARGET_NAME)";
				SWIFT_VERSION = 5.0;
				TARGETED_DEVICE_FAMILY = "1,2";
				TEST_HOST = "$(BUILT_PRODUCTS_DIR)/SoundStock.app/SoundStock";
			};
			name = Release;
		};
		503DE3D8258E0BB7008CCB69 /* Debug */ = {
			isa = XCBuildConfiguration;
			buildSettings = {
				ALWAYS_EMBED_SWIFT_STANDARD_LIBRARIES = YES;
				CODE_SIGN_STYLE = Automatic;
				DEVELOPMENT_TEAM = 44MY2XKMTZ;
				INFOPLIST_FILE = SoundStockUITests/Info.plist;
				LD_RUNPATH_SEARCH_PATHS = (
					"$(inherited)",
					"@executable_path/Frameworks",
					"@loader_path/Frameworks",
				);
				PRODUCT_BUNDLE_IDENTIFIER = "lot-uni.SoundStockUITests";
				PRODUCT_NAME = "$(TARGET_NAME)";
				SWIFT_VERSION = 5.0;
				TARGETED_DEVICE_FAMILY = "1,2";
				TEST_TARGET_NAME = SoundStock;
			};
			name = Debug;
		};
		503DE3D9258E0BB7008CCB69 /* Release */ = {
			isa = XCBuildConfiguration;
			buildSettings = {
				ALWAYS_EMBED_SWIFT_STANDARD_LIBRARIES = YES;
				CODE_SIGN_STYLE = Automatic;
				DEVELOPMENT_TEAM = 44MY2XKMTZ;
				INFOPLIST_FILE = SoundStockUITests/Info.plist;
				LD_RUNPATH_SEARCH_PATHS = (
					"$(inherited)",
					"@executable_path/Frameworks",
					"@loader_path/Frameworks",
				);
				PRODUCT_BUNDLE_IDENTIFIER = "lot-uni.SoundStockUITests";
				PRODUCT_NAME = "$(TARGET_NAME)";
				SWIFT_VERSION = 5.0;
				TARGETED_DEVICE_FAMILY = "1,2";
				TEST_TARGET_NAME = SoundStock;
			};
			name = Release;
		};
/* End XCBuildConfiguration section */

/* Begin XCConfigurationList section */
		503DE39F258E0BB4008CCB69 /* Build configuration list for PBXProject "SoundStock" */ = {
			isa = XCConfigurationList;
			buildConfigurations = (
				503DE3CF258E0BB7008CCB69 /* Debug */,
				503DE3D0258E0BB7008CCB69 /* Release */,
			);
			defaultConfigurationIsVisible = 0;
			defaultConfigurationName = Release;
		};
		503DE3D1258E0BB7008CCB69 /* Build configuration list for PBXNativeTarget "SoundStock" */ = {
			isa = XCConfigurationList;
			buildConfigurations = (
				503DE3D2258E0BB7008CCB69 /* Debug */,
				503DE3D3258E0BB7008CCB69 /* Release */,
			);
			defaultConfigurationIsVisible = 0;
			defaultConfigurationName = Release;
		};
		503DE3D4258E0BB7008CCB69 /* Build configuration list for PBXNativeTarget "SoundStockTests" */ = {
			isa = XCConfigurationList;
			buildConfigurations = (
				503DE3D5258E0BB7008CCB69 /* Debug */,
				503DE3D6258E0BB7008CCB69 /* Release */,
			);
			defaultConfigurationIsVisible = 0;
			defaultConfigurationName = Release;
		};
		503DE3D7258E0BB7008CCB69 /* Build configuration list for PBXNativeTarget "SoundStockUITests" */ = {
			isa = XCConfigurationList;
			buildConfigurations = (
				503DE3D8258E0BB7008CCB69 /* Debug */,
				503DE3D9258E0BB7008CCB69 /* Release */,
			);
			defaultConfigurationIsVisible = 0;
			defaultConfigurationName = Release;
		};
/* End XCConfigurationList section */

/* Begin XCVersionGroup section */
		503DE3B0258E0BB4008CCB69 /* SoundStock.xcdatamodeld */ = {
			isa = XCVersionGroup;
			children = (
				503DE3B1258E0BB4008CCB69 /* SoundStock.xcdatamodel */,
			);
			currentVersion = 503DE3B1258E0BB4008CCB69 /* SoundStock.xcdatamodel */;
			path = SoundStock.xcdatamodeld;
			sourceTree = "<group>";
			versionGroupType = wrapper.xcdatamodel;
		};
/* End XCVersionGroup section */
	};
	rootObject = 503DE39C258E0BB4008CCB69 /* Project object */;
}
